// !$*UTF8*$!
{
	archiveVersion = 1;
	classes = {
	};
	objectVersion = 55;
	objects = {

/* Begin PBXBuildFile section */
		4B131C54278A15BE00E4C3B4 /* AvocadosApp.swift in Sources */ = {isa = PBXBuildFile; fileRef = 4B131C53278A15BE00E4C3B4 /* AvocadosApp.swift */; };
		4B131C56278A15BE00E4C3B4 /* ContentView.swift in Sources */ = {isa = PBXBuildFile; fileRef = 4B131C55278A15BE00E4C3B4 /* ContentView.swift */; };
		4B131C58278A15C100E4C3B4 /* Assets.xcassets in Resources */ = {isa = PBXBuildFile; fileRef = 4B131C57278A15C100E4C3B4 /* Assets.xcassets */; };
		4B131C5B278A15C100E4C3B4 /* Preview Assets.xcassets in Resources */ = {isa = PBXBuildFile; fileRef = 4B131C5A278A15C100E4C3B4 /* Preview Assets.xcassets */; };
		4B131C62278A1A9100E4C3B4 /* LaunchScreen.storyboard in Resources */ = {isa = PBXBuildFile; fileRef = 4B131C61278A1A9100E4C3B4 /* LaunchScreen.storyboard */; };
		4B131C67278A1D7200E4C3B4 /* AvocadosView.swift in Sources */ = {isa = PBXBuildFile; fileRef = 4B131C66278A1D7200E4C3B4 /* AvocadosView.swift */; };
		4B131C6D278A1DCE00E4C3B4 /* SettingsView.swift in Sources */ = {isa = PBXBuildFile; fileRef = 4B131C6C278A1DCE00E4C3B4 /* SettingsView.swift */; };
		4B131C6F278A1DFB00E4C3B4 /* RipeningStages.swift in Sources */ = {isa = PBXBuildFile; fileRef = 4B131C6E278A1DFB00E4C3B4 /* RipeningStages.swift */; };
		4B131C71278A1E1300E4C3B4 /* AppView.swift in Sources */ = {isa = PBXBuildFile; fileRef = 4B131C70278A1E1300E4C3B4 /* AppView.swift */; };
		4B131C73278A5EED00E4C3B4 /* HeaderView.swift in Sources */ = {isa = PBXBuildFile; fileRef = 4B131C72278A5EED00E4C3B4 /* HeaderView.swift */; };
		4B131C75278A650200E4C3B4 /* HeaderModel.swift in Sources */ = {isa = PBXBuildFile; fileRef = 4B131C74278A650200E4C3B4 /* HeaderModel.swift */; };
		4B131C77278A657500E4C3B4 /* HeaderData.swift in Sources */ = {isa = PBXBuildFile; fileRef = 4B131C76278A657500E4C3B4 /* HeaderData.swift */; };
		4B131C79278A687700E4C3B4 /* DishesView.swift in Sources */ = {isa = PBXBuildFile; fileRef = 4B131C78278A687700E4C3B4 /* DishesView.swift */; };
		4B20EAEC278BF01600EC71FB /* RipeningModel.swift in Sources */ = {isa = PBXBuildFile; fileRef = 4B20EAEB278BF01600EC71FB /* RipeningModel.swift */; };
		4B20EAEE278BF09400EC71FB /* RipeningData.swift in Sources */ = {isa = PBXBuildFile; fileRef = 4B20EAED278BF09400EC71FB /* RipeningData.swift */; };
		4BBAEE51278BC0FE0074139E /* FactsView.swift in Sources */ = {isa = PBXBuildFile; fileRef = 4BBAEE50278BC0FE0074139E /* FactsView.swift */; };
		4BBAEE53278BC4520074139E /* FactModel.swift in Sources */ = {isa = PBXBuildFile; fileRef = 4BBAEE52278BC4520074139E /* FactModel.swift */; };
		4BBAEE55278BC4AD0074139E /* FactData.swift in Sources */ = {isa = PBXBuildFile; fileRef = 4BBAEE54278BC4AD0074139E /* FactData.swift */; };
		4BBAEE57278BC71C0074139E /* RecipeModel.swift in Sources */ = {isa = PBXBuildFile; fileRef = 4BBAEE56278BC71C0074139E /* RecipeModel.swift */; };
		4BBAEE59278BC7A60074139E /* RecipeData.swift in Sources */ = {isa = PBXBuildFile; fileRef = 4BBAEE58278BC7A60074139E /* RecipeData.swift */; };
		4BBAEE5B278BC80E0074139E /* RecipeCardView.swift in Sources */ = {isa = PBXBuildFile; fileRef = 4BBAEE5A278BC80E0074139E /* RecipeCardView.swift */; };
		4BBAEE5D278BD8380074139E /* RecipeRatingView.swift in Sources */ = {isa = PBXBuildFile; fileRef = 4BBAEE5C278BD8380074139E /* RecipeRatingView.swift */; };
		4BBAEE5F278BD8D80074139E /* RecipeCookingView.swift in Sources */ = {isa = PBXBuildFile; fileRef = 4BBAEE5E278BD8D80074139E /* RecipeCookingView.swift */; };
		4BBAEE61278BD9980074139E /* RecipeDetailView.swift in Sources */ = {isa = PBXBuildFile; fileRef = 4BBAEE60278BD9980074139E /* RecipeDetailView.swift */; };
		4BBAEE63278BE8420074139E /* RipeningView.swift in Sources */ = {isa = PBXBuildFile; fileRef = 4BBAEE62278BE8420074139E /* RipeningView.swift */; };
/* End PBXBuildFile section */

/* Begin PBXFileReference section */
		4B131C50278A15BE00E4C3B4 /* Avocados.app */ = {isa = PBXFileReference; explicitFileType = wrapper.application; includeInIndex = 0; path = Avocados.app; sourceTree = BUILT_PRODUCTS_DIR; };
		4B131C53278A15BE00E4C3B4 /* AvocadosApp.swift */ = {isa = PBXFileReference; lastKnownFileType = sourcecode.swift; path = AvocadosApp.swift; sourceTree = "<group>"; };
		4B131C55278A15BE00E4C3B4 /* ContentView.swift */ = {isa = PBXFileReference; lastKnownFileType = sourcecode.swift; path = ContentView.swift; sourceTree = "<group>"; };
		4B131C57278A15C100E4C3B4 /* Assets.xcassets */ = {isa = PBXFileReference; lastKnownFileType = folder.assetcatalog; path = Assets.xcassets; sourceTree = "<group>"; };
		4B131C5A278A15C100E4C3B4 /* Preview Assets.xcassets */ = {isa = PBXFileReference; lastKnownFileType = folder.assetcatalog; path = "Preview Assets.xcassets"; sourceTree = "<group>"; };
		4B131C61278A1A9100E4C3B4 /* LaunchScreen.storyboard */ = {isa = PBXFileReference; lastKnownFileType = file.storyboard; path = LaunchScreen.storyboard; sourceTree = "<group>"; };
		4B131C66278A1D7200E4C3B4 /* AvocadosView.swift */ = {isa = PBXFileReference; lastKnownFileType = sourcecode.swift; path = AvocadosView.swift; sourceTree = "<group>"; };
		4B131C6C278A1DCE00E4C3B4 /* SettingsView.swift */ = {isa = PBXFileReference; lastKnownFileType = sourcecode.swift; path = SettingsView.swift; sourceTree = "<group>"; };
		4B131C6E278A1DFB00E4C3B4 /* RipeningStages.swift */ = {isa = PBXFileReference; lastKnownFileType = sourcecode.swift; path = RipeningStages.swift; sourceTree = "<group>"; };
		4B131C70278A1E1300E4C3B4 /* AppView.swift */ = {isa = PBXFileReference; lastKnownFileType = sourcecode.swift; path = AppView.swift; sourceTree = "<group>"; };
		4B131C72278A5EED00E4C3B4 /* HeaderView.swift */ = {isa = PBXFileReference; lastKnownFileType = sourcecode.swift; path = HeaderView.swift; sourceTree = "<group>"; };
		4B131C74278A650200E4C3B4 /* HeaderModel.swift */ = {isa = PBXFileReference; lastKnownFileType = sourcecode.swift; path = HeaderModel.swift; sourceTree = "<group>"; };
		4B131C76278A657500E4C3B4 /* HeaderData.swift */ = {isa = PBXFileReference; lastKnownFileType = sourcecode.swift; path = HeaderData.swift; sourceTree = "<group>"; };
		4B131C78278A687700E4C3B4 /* DishesView.swift */ = {isa = PBXFileReference; lastKnownFileType = sourcecode.swift; path = DishesView.swift; sourceTree = "<group>"; };
		4B20EAEB278BF01600EC71FB /* RipeningModel.swift */ = {isa = PBXFileReference; lastKnownFileType = sourcecode.swift; path = RipeningModel.swift; sourceTree = "<group>"; };
		4B20EAED278BF09400EC71FB /* RipeningData.swift */ = {isa = PBXFileReference; lastKnownFileType = sourcecode.swift; path = RipeningData.swift; sourceTree = "<group>"; };
		4BBAEE50278BC0FE0074139E /* FactsView.swift */ = {isa = PBXFileReference; lastKnownFileType = sourcecode.swift; path = FactsView.swift; sourceTree = "<group>"; };
		4BBAEE52278BC4520074139E /* FactModel.swift */ = {isa = PBXFileReference; lastKnownFileType = sourcecode.swift; path = FactModel.swift; sourceTree = "<group>"; };
		4BBAEE54278BC4AD0074139E /* FactData.swift */ = {isa = PBXFileReference; lastKnownFileType = sourcecode.swift; path = FactData.swift; sourceTree = "<group>"; };
		4BBAEE56278BC71C0074139E /* RecipeModel.swift */ = {isa = PBXFileReference; lastKnownFileType = sourcecode.swift; path = RecipeModel.swift; sourceTree = "<group>"; };
		4BBAEE58278BC7A60074139E /* RecipeData.swift */ = {isa = PBXFileReference; lastKnownFileType = sourcecode.swift; path = RecipeData.swift; sourceTree = "<group>"; };
		4BBAEE5A278BC80E0074139E /* RecipeCardView.swift */ = {isa = PBXFileReference; lastKnownFileType = sourcecode.swift; path = RecipeCardView.swift; sourceTree = "<group>"; };
		4BBAEE5C278BD8380074139E /* RecipeRatingView.swift */ = {isa = PBXFileReference; lastKnownFileType = sourcecode.swift; path = RecipeRatingView.swift; sourceTree = "<group>"; };
		4BBAEE5E278BD8D80074139E /* RecipeCookingView.swift */ = {isa = PBXFileReference; lastKnownFileType = sourcecode.swift; path = RecipeCookingView.swift; sourceTree = "<group>"; };
		4BBAEE60278BD9980074139E /* RecipeDetailView.swift */ = {isa = PBXFileReference; lastKnownFileType = sourcecode.swift; path = RecipeDetailView.swift; sourceTree = "<group>"; };
		4BBAEE62278BE8420074139E /* RipeningView.swift */ = {isa = PBXFileReference; lastKnownFileType = sourcecode.swift; path = RipeningView.swift; sourceTree = "<group>"; };
/* End PBXFileReference section */

/* Begin PBXFrameworksBuildPhase section */
		4B131C4D278A15BE00E4C3B4 /* Frameworks */ = {
			isa = PBXFrameworksBuildPhase;
			buildActionMask = 2147483647;
			files = (
			);
			runOnlyForDeploymentPostprocessing = 0;
		};
/* End PBXFrameworksBuildPhase section */

/* Begin PBXGroup section */
		4B131C47278A15BE00E4C3B4 = {
			isa = PBXGroup;
			children = (
				4B131C52278A15BE00E4C3B4 /* Avocados */,
				4B131C51278A15BE00E4C3B4 /* Products */,
			);
			sourceTree = "<group>";
		};
		4B131C51278A15BE00E4C3B4 /* Products */ = {
			isa = PBXGroup;
			children = (
				4B131C50278A15BE00E4C3B4 /* Avocados.app */,
			);
			name = Products;
			sourceTree = "<group>";
		};
		4B131C52278A15BE00E4C3B4 /* Avocados */ = {
			isa = PBXGroup;
			children = (
				4B131C65278A1D4500E4C3B4 /* View */,
				4B131C64278A1D3F00E4C3B4 /* Model */,
				4B131C63278A1D3200E4C3B4 /* Data */,
				4B131C53278A15BE00E4C3B4 /* AvocadosApp.swift */,
				4B131C57278A15C100E4C3B4 /* Assets.xcassets */,
				4B131C61278A1A9100E4C3B4 /* LaunchScreen.storyboard */,
				4B131C59278A15C100E4C3B4 /* Preview Content */,
			);
			path = Avocados;
			sourceTree = "<group>";
		};
		4B131C59278A15C100E4C3B4 /* Preview Content */ = {
			isa = PBXGroup;
			children = (
				4B131C5A278A15C100E4C3B4 /* Preview Assets.xcassets */,
			);
			path = "Preview Content";
			sourceTree = "<group>";
		};
		4B131C63278A1D3200E4C3B4 /* Data */ = {
			isa = PBXGroup;
			children = (
				4B131C76278A657500E4C3B4 /* HeaderData.swift */,
				4BBAEE54278BC4AD0074139E /* FactData.swift */,
				4BBAEE58278BC7A60074139E /* RecipeData.swift */,
				4B20EAED278BF09400EC71FB /* RipeningData.swift */,
			);
			path = Data;
			sourceTree = "<group>";
		};
		4B131C64278A1D3F00E4C3B4 /* Model */ = {
			isa = PBXGroup;
			children = (
				4B131C74278A650200E4C3B4 /* HeaderModel.swift */,
				4BBAEE52278BC4520074139E /* FactModel.swift */,
				4BBAEE56278BC71C0074139E /* RecipeModel.swift */,
				4B20EAEB278BF01600EC71FB /* RipeningModel.swift */,
			);
			path = Model;
			sourceTree = "<group>";
		};
		4B131C65278A1D4500E4C3B4 /* View */ = {
			isa = PBXGroup;
			children = (
				4B131C55278A15BE00E4C3B4 /* ContentView.swift */,
				4B131C66278A1D7200E4C3B4 /* AvocadosView.swift */,
				4B131C6C278A1DCE00E4C3B4 /* SettingsView.swift */,
				4B131C6E278A1DFB00E4C3B4 /* RipeningStages.swift */,
				4B131C70278A1E1300E4C3B4 /* AppView.swift */,
				4B131C72278A5EED00E4C3B4 /* HeaderView.swift */,
				4B131C78278A687700E4C3B4 /* DishesView.swift */,
				4BBAEE50278BC0FE0074139E /* FactsView.swift */,
				4BBAEE5A278BC80E0074139E /* RecipeCardView.swift */,
				4BBAEE5C278BD8380074139E /* RecipeRatingView.swift */,
				4BBAEE5E278BD8D80074139E /* RecipeCookingView.swift */,
				4BBAEE60278BD9980074139E /* RecipeDetailView.swift */,
				4BBAEE62278BE8420074139E /* RipeningView.swift */,
			);
			path = View;
			sourceTree = "<group>";
		};
/* End PBXGroup section */

/* Begin PBXNativeTarget section */
		4B131C4F278A15BE00E4C3B4 /* Avocados */ = {
			isa = PBXNativeTarget;
			buildConfigurationList = 4B131C5E278A15C100E4C3B4 /* Build configuration list for PBXNativeTarget "Avocados" */;
			buildPhases = (
				4B131C4C278A15BE00E4C3B4 /* Sources */,
				4B131C4D278A15BE00E4C3B4 /* Frameworks */,
				4B131C4E278A15BE00E4C3B4 /* Resources */,
			);
			buildRules = (
			);
			dependencies = (
			);
			name = Avocados;
			productName = Avocados;
			productReference = 4B131C50278A15BE00E4C3B4 /* Avocados.app */;
			productType = "com.apple.product-type.application";
		};
/* End PBXNativeTarget section */

/* Begin PBXProject section */
		4B131C48278A15BE00E4C3B4 /* Project object */ = {
			isa = PBXProject;
			attributes = {
				BuildIndependentTargetsInParallel = 1;
				LastSwiftUpdateCheck = 1320;
				LastUpgradeCheck = 1320;
				TargetAttributes = {
					4B131C4F278A15BE00E4C3B4 = {
						CreatedOnToolsVersion = 13.2.1;
					};
				};
			};
			buildConfigurationList = 4B131C4B278A15BE00E4C3B4 /* Build configuration list for PBXProject "Avocados" */;
			compatibilityVersion = "Xcode 13.0";
			developmentRegion = en;
			hasScannedForEncodings = 0;
			knownRegions = (
				en,
				Base,
			);
			mainGroup = 4B131C47278A15BE00E4C3B4;
			productRefGroup = 4B131C51278A15BE00E4C3B4 /* Products */;
			projectDirPath = "";
			projectRoot = "";
			targets = (
				4B131C4F278A15BE00E4C3B4 /* Avocados */,
			);
		};
/* End PBXProject section */

/* Begin PBXResourcesBuildPhase section */
		4B131C4E278A15BE00E4C3B4 /* Resources */ = {
			isa = PBXResourcesBuildPhase;
			buildActionMask = 2147483647;
			files = (
				4B131C62278A1A9100E4C3B4 /* LaunchScreen.storyboard in Resources */,
				4B131C5B278A15C100E4C3B4 /* Preview Assets.xcassets in Resources */,
				4B131C58278A15C100E4C3B4 /* Assets.xcassets in Resources */,
			);
			runOnlyForDeploymentPostprocessing = 0;
		};
/* End PBXResourcesBuildPhase section */

/* Begin PBXSourcesBuildPhase section */
		4B131C4C278A15BE00E4C3B4 /* Sources */ = {
			isa = PBXSourcesBuildPhase;
			buildActionMask = 2147483647;
			files = (
				4B131C6D278A1DCE00E4C3B4 /* SettingsView.swift in Sources */,
				4BBAEE5D278BD8380074139E /* RecipeRatingView.swift in Sources */,
				4B20EAEC278BF01600EC71FB /* RipeningModel.swift in Sources */,
				4B131C6F278A1DFB00E4C3B4 /* RipeningStages.swift in Sources */,
				4B131C71278A1E1300E4C3B4 /* AppView.swift in Sources */,
				4B20EAEE278BF09400EC71FB /* RipeningData.swift in Sources */,
				4B131C56278A15BE00E4C3B4 /* ContentView.swift in Sources */,
				4B131C54278A15BE00E4C3B4 /* AvocadosApp.swift in Sources */,
				4B131C67278A1D7200E4C3B4 /* AvocadosView.swift in Sources */,
				4B131C75278A650200E4C3B4 /* HeaderModel.swift in Sources */,
				4BBAEE57278BC71C0074139E /* RecipeModel.swift in Sources */,
				4B131C77278A657500E4C3B4 /* HeaderData.swift in Sources */,
				4B131C79278A687700E4C3B4 /* DishesView.swift in Sources */,
				4BBAEE5F278BD8D80074139E /* RecipeCookingView.swift in Sources */,
				4BBAEE63278BE8420074139E /* RipeningView.swift in Sources */,
				4BBAEE53278BC4520074139E /* FactModel.swift in Sources */,
				4BBAEE51278BC0FE0074139E /* FactsView.swift in Sources */,
				4BBAEE5B278BC80E0074139E /* RecipeCardView.swift in Sources */,
				4BBAEE59278BC7A60074139E /* RecipeData.swift in Sources */,
				4B131C73278A5EED00E4C3B4 /* HeaderView.swift in Sources */,
				4BBAEE61278BD9980074139E /* RecipeDetailView.swift in Sources */,
				4BBAEE55278BC4AD0074139E /* FactData.swift in Sources */,
			);
			runOnlyForDeploymentPostprocessing = 0;
		};
/* End PBXSourcesBuildPhase section */

/* Begin XCBuildConfiguration section */
		4B131C5C278A15C100E4C3B4 /* Debug */ = {
			isa = XCBuildConfiguration;
			buildSettings = {
				ALWAYS_SEARCH_USER_PATHS = NO;
				CLANG_ANALYZER_NONNULL = YES;
				CLANG_ANALYZER_NUMBER_OBJECT_CONVERSION = YES_AGGRESSIVE;
				CLANG_CXX_LANGUAGE_STANDARD = "gnu++17";
				CLANG_CXX_LIBRARY = "libc++";
				CLANG_ENABLE_MODULES = YES;
				CLANG_ENABLE_OBJC_ARC = YES;
				CLANG_ENABLE_OBJC_WEAK = YES;
				CLANG_WARN_BLOCK_CAPTURE_AUTORELEASING = YES;
				CLANG_WARN_BOOL_CONVERSION = YES;
				CLANG_WARN_COMMA = YES;
				CLANG_WARN_CONSTANT_CONVERSION = YES;
				CLANG_WARN_DEPRECATED_OBJC_IMPLEMENTATIONS = YES;
				CLANG_WARN_DIRECT_OBJC_ISA_USAGE = YES_ERROR;
				CLANG_WARN_DOCUMENTATION_COMMENTS = YES;
				CLANG_WARN_EMPTY_BODY = YES;
				CLANG_WARN_ENUM_CONVERSION = YES;
				CLANG_WARN_INFINITE_RECURSION = YES;
				CLANG_WARN_INT_CONVERSION = YES;
				CLANG_WARN_NON_LITERAL_NULL_CONVERSION = YES;
				CLANG_WARN_OBJC_IMPLICIT_RETAIN_SELF = YES;
				CLANG_WARN_OBJC_LITERAL_CONVERSION = YES;
				CLANG_WARN_OBJC_ROOT_CLASS = YES_ERROR;
				CLANG_WARN_QUOTED_INCLUDE_IN_FRAMEWORK_HEADER = YES;
				CLANG_WARN_RANGE_LOOP_ANALYSIS = YES;
				CLANG_WARN_STRICT_PROTOTYPES = YES;
				CLANG_WARN_SUSPICIOUS_MOVE = YES;
				CLANG_WARN_UNGUARDED_AVAILABILITY = YES_AGGRESSIVE;
				CLANG_WARN_UNREACHABLE_CODE = YES;
				CLANG_WARN__DUPLICATE_METHOD_MATCH = YES;
				COPY_PHASE_STRIP = NO;
				DEBUG_INFORMATION_FORMAT = dwarf;
				ENABLE_STRICT_OBJC_MSGSEND = YES;
				ENABLE_TESTABILITY = YES;
				GCC_C_LANGUAGE_STANDARD = gnu11;
				GCC_DYNAMIC_NO_PIC = NO;
				GCC_NO_COMMON_BLOCKS = YES;
				GCC_OPTIMIZATION_LEVEL = 0;
				GCC_PREPROCESSOR_DEFINITIONS = (
					"DEBUG=1",
					"$(inherited)",
				);
				GCC_WARN_64_TO_32_BIT_CONVERSION = YES;
				GCC_WARN_ABOUT_RETURN_TYPE = YES_ERROR;
				GCC_WARN_UNDECLARED_SELECTOR = YES;
				GCC_WARN_UNINITIALIZED_AUTOS = YES_AGGRESSIVE;
				GCC_WARN_UNUSED_FUNCTION = YES;
				GCC_WARN_UNUSED_VARIABLE = YES;
				IPHONEOS_DEPLOYMENT_TARGET = 15.2;
				MTL_ENABLE_DEBUG_INFO = INCLUDE_SOURCE;
				MTL_FAST_MATH = YES;
				ONLY_ACTIVE_ARCH = YES;
				SDKROOT = iphoneos;
				SWIFT_ACTIVE_COMPILATION_CONDITIONS = DEBUG;
				SWIFT_OPTIMIZATION_LEVEL = "-Onone";
			};
			name = Debug;
		};
		4B131C5D278A15C100E4C3B4 /* Release */ = {
			isa = XCBuildConfiguration;
			buildSettings = {
				ALWAYS_SEARCH_USER_PATHS = NO;
				CLANG_ANALYZER_NONNULL = YES;
				CLANG_ANALYZER_NUMBER_OBJECT_CONVERSION = YES_AGGRESSIVE;
				CLANG_CXX_LANGUAGE_STANDARD = "gnu++17";
				CLANG_CXX_LIBRARY = "libc++";
				CLANG_ENABLE_MODULES = YES;
				CLANG_ENABLE_OBJC_ARC = YES;
				CLANG_ENABLE_OBJC_WEAK = YES;
				CLANG_WARN_BLOCK_CAPTURE_AUTORELEASING = YES;
				CLANG_WARN_BOOL_CONVERSION = YES;
				CLANG_WARN_COMMA = YES;
				CLANG_WARN_CONSTANT_CONVERSION = YES;
				CLANG_WARN_DEPRECATED_OBJC_IMPLEMENTATIONS = YES;
				CLANG_WARN_DIRECT_OBJC_ISA_USAGE = YES_ERROR;
				CLANG_WARN_DOCUMENTATION_COMMENTS = YES;
				CLANG_WARN_EMPTY_BODY = YES;
				CLANG_WARN_ENUM_CONVERSION = YES;
				CLANG_WARN_INFINITE_RECURSION = YES;
				CLANG_WARN_INT_CONVERSION = YES;
				CLANG_WARN_NON_LITERAL_NULL_CONVERSION = YES;
				CLANG_WARN_OBJC_IMPLICIT_RETAIN_SELF = YES;
				CLANG_WARN_OBJC_LITERAL_CONVERSION = YES;
				CLANG_WARN_OBJC_ROOT_CLASS = YES_ERROR;
				CLANG_WARN_QUOTED_INCLUDE_IN_FRAMEWORK_HEADER = YES;
				CLANG_WARN_RANGE_LOOP_ANALYSIS = YES;
				CLANG_WARN_STRICT_PROTOTYPES = YES;
				CLANG_WARN_SUSPICIOUS_MOVE = YES;
				CLANG_WARN_UNGUARDED_AVAILABILITY = YES_AGGRESSIVE;
				CLANG_WARN_UNREACHABLE_CODE = YES;
				CLANG_WARN__DUPLICATE_METHOD_MATCH = YES;
				COPY_PHASE_STRIP = NO;
				DEBUG_INFORMATION_FORMAT = "dwarf-with-dsym";
				ENABLE_NS_ASSERTIONS = NO;
				ENABLE_STRICT_OBJC_MSGSEND = YES;
				GCC_C_LANGUAGE_STANDARD = gnu11;
				GCC_NO_COMMON_BLOCKS = YES;
				GCC_WARN_64_TO_32_BIT_CONVERSION = YES;
				GCC_WARN_ABOUT_RETURN_TYPE = YES_ERROR;
				GCC_WARN_UNDECLARED_SELECTOR = YES;
				GCC_WARN_UNINITIALIZED_AUTOS = YES_AGGRESSIVE;
				GCC_WARN_UNUSED_FUNCTION = YES;
				GCC_WARN_UNUSED_VARIABLE = YES;
				IPHONEOS_DEPLOYMENT_TARGET = 15.2;
				MTL_ENABLE_DEBUG_INFO = NO;
				MTL_FAST_MATH = YES;
				SDKROOT = iphoneos;
				SWIFT_COMPILATION_MODE = wholemodule;
				SWIFT_OPTIMIZATION_LEVEL = "-O";
				VALIDATE_PRODUCT = YES;
			};
			name = Release;
		};
		4B131C5F278A15C100E4C3B4 /* Debug */ = {
			isa = XCBuildConfiguration;
			buildSettings = {
				ASSETCATALOG_COMPILER_GLOBAL_ACCENT_COLOR_NAME = AccentColor;
				CODE_SIGN_STYLE = Automatic;
				CURRENT_PROJECT_VERSION = 1;
				DEVELOPMENT_ASSET_PATHS = "\"Avocados/Preview Content\"";
				DEVELOPMENT_TEAM = 54KV8PWYV6;
				ENABLE_PREVIEWS = YES;
				GENERATE_INFOPLIST_FILE = YES;
				INFOPLIST_KEY_UIApplicationSceneManifest_Generation = YES;
				INFOPLIST_KEY_UIApplicationSupportsIndirectInputEvents = YES;
				INFOPLIST_KEY_UILaunchScreen_Generation = YES;
				INFOPLIST_KEY_UILaunchStoryboardName = LaunchScreen;
				INFOPLIST_KEY_UISupportedInterfaceOrientations = UIInterfaceOrientationPortrait;
				INFOPLIST_KEY_UISupportedInterfaceOrientations_iPad = "UIInterfaceOrientationPortrait UIInterfaceOrientationPortraitUpsideDown UIInterfaceOrientationLandscapeLeft UIInterfaceOrientationLandscapeRight";
				INFOPLIST_KEY_UISupportedInterfaceOrientations_iPhone = "UIInterfaceOrientationPortrait UIInterfaceOrientationLandscapeLeft UIInterfaceOrientationLandscapeRight";
				LD_RUNPATH_SEARCH_PATHS = (
					"$(inherited)",
					"@executable_path/Frameworks",
				);
				MARKETING_VERSION = 1.0;
				PRODUCT_BUNDLE_IDENTIFIER = com.frannck.Avocados;
				PRODUCT_NAME = "$(TARGET_NAME)";
				SWIFT_EMIT_LOC_STRINGS = YES;
				SWIFT_VERSION = 5.0;
				TARGETED_DEVICE_FAMILY = "1,2";
			};
			name = Debug;
		};
		4B131C60278A15C100E4C3B4 /* Release */ = {
			isa = XCBuildConfiguration;
			buildSettings = {
				ASSETCATALOG_COMPILER_GLOBAL_ACCENT_COLOR_NAME = AccentColor;
				CODE_SIGN_STYLE = Automatic;
				CURRENT_PROJECT_VERSION = 1;
				DEVELOPMENT_ASSET_PATHS = "\"Avocados/Preview Content\"";
				DEVELOPMENT_TEAM = 54KV8PWYV6;
				ENABLE_PREVIEWS = YES;
				GENERATE_INFOPLIST_FILE = YES;
				INFOPLIST_KEY_UIApplicationSceneManifest_Generation = YES;
				INFOPLIST_KEY_UIApplicationSupportsIndirectInputEvents = YES;
				INFOPLIST_KEY_UILaunchScreen_Generation = YES;
				INFOPLIST_KEY_UILaunchStoryboardName = LaunchScreen;
				INFOPLIST_KEY_UISupportedInterfaceOrientations = UIInterfaceOrientationPortrait;
				INFOPLIST_KEY_UISupportedInterfaceOrientations_iPad = "UIInterfaceOrientationPortrait UIInterfaceOrientationPortraitUpsideDown UIInterfaceOrientationLandscapeLeft UIInterfaceOrientationLandscapeRight";
				INFOPLIST_KEY_UISupportedInterfaceOrientations_iPhone = "UIInterfaceOrientationPortrait UIInterfaceOrientationLandscapeLeft UIInterfaceOrientationLandscapeRight";
				LD_RUNPATH_SEARCH_PATHS = (
					"$(inherited)",
					"@executable_path/Frameworks",
				);
				MARKETING_VERSION = 1.0;
				PRODUCT_BUNDLE_IDENTIFIER = com.frannck.Avocados;
				PRODUCT_NAME = "$(TARGET_NAME)";
				SWIFT_EMIT_LOC_STRINGS = YES;
				SWIFT_VERSION = 5.0;
				TARGETED_DEVICE_FAMILY = "1,2";
			};
			name = Release;
		};
/* End XCBuildConfiguration section */

/* Begin XCConfigurationList section */
		4B131C4B278A15BE00E4C3B4 /* Build configuration list for PBXProject "Avocados" */ = {
			isa = XCConfigurationList;
			buildConfigurations = (
				4B131C5C278A15C100E4C3B4 /* Debug */,
				4B131C5D278A15C100E4C3B4 /* Release */,
			);
			defaultConfigurationIsVisible = 0;
			defaultConfigurationName = Release;
		};
		4B131C5E278A15C100E4C3B4 /* Build configuration list for PBXNativeTarget "Avocados" */ = {
			isa = XCConfigurationList;
			buildConfigurations = (
				4B131C5F278A15C100E4C3B4 /* Debug */,
				4B131C60278A15C100E4C3B4 /* Release */,
			);
			defaultConfigurationIsVisible = 0;
			defaultConfigurationName = Release;
		};
/* End XCConfigurationList section */
	};
	rootObject = 4B131C48278A15BE00E4C3B4 /* Project object */;
}
